// !$*UTF8*$!
{
	archiveVersion = 1;
	classes = {
	};
	objectVersion = 56;
	objects = {

/* Begin PBXBuildFile section */
		33B392682BAA25A000E2DFE0 /* Quillify_1App.swift in Sources */ = {isa = PBXBuildFile; fileRef = 33B392672BAA25A000E2DFE0 /* Quillify_1App.swift */; };
		33B3926A2BAA25A000E2DFE0 /* ContentView.swift in Sources */ = {isa = PBXBuildFile; fileRef = 33B392692BAA25A000E2DFE0 /* ContentView.swift */; };
		33B3926C2BAA25A100E2DFE0 /* Assets.xcassets in Resources */ = {isa = PBXBuildFile; fileRef = 33B3926B2BAA25A100E2DFE0 /* Assets.xcassets */; };
		33B392702BAA25A100E2DFE0 /* Preview Assets.xcassets in Resources */ = {isa = PBXBuildFile; fileRef = 33B3926F2BAA25A100E2DFE0 /* Preview Assets.xcassets */; };
		33B392792BAA28DF00E2DFE0 /* WelcomeView.swift in Sources */ = {isa = PBXBuildFile; fileRef = 33B392782BAA28DF00E2DFE0 /* WelcomeView.swift */; };
		33B3927B2BAA28F100E2DFE0 /* WelcomeState.swift in Sources */ = {isa = PBXBuildFile; fileRef = 33B3927A2BAA28F100E2DFE0 /* WelcomeState.swift */; };
		33B3927D2BAA292600E2DFE0 /* WelcomeMessageView.swift in Sources */ = {isa = PBXBuildFile; fileRef = 33B3927C2BAA292600E2DFE0 /* WelcomeMessageView.swift */; };
		33B392802BAA296800E2DFE0 /* PhotoPickerView.swift in Sources */ = {isa = PBXBuildFile; fileRef = 33B3927F2BAA296800E2DFE0 /* PhotoPickerView.swift */; };
		33B392822BAA298100E2DFE0 /* LibraryPhotoPicker.swift in Sources */ = {isa = PBXBuildFile; fileRef = 33B392812BAA298100E2DFE0 /* LibraryPhotoPicker.swift */; };
		33B392862BAA29B900E2DFE0 /* ToolsView.swift in Sources */ = {isa = PBXBuildFile; fileRef = 33B392852BAA29B900E2DFE0 /* ToolsView.swift */; };
		33B392882BAA29E800E2DFE0 /* WindowState.swift in Sources */ = {isa = PBXBuildFile; fileRef = 33B392872BAA29E800E2DFE0 /* WindowState.swift */; };
		33B3928B2BAA2A3100E2DFE0 /* Canvas.swift in Sources */ = {isa = PBXBuildFile; fileRef = 33B3928A2BAA2A3100E2DFE0 /* Canvas.swift */; };
		33B3928D2BAA2A7200E2DFE0 /* CanvasView.swift in Sources */ = {isa = PBXBuildFile; fileRef = 33B3928C2BAA2A7200E2DFE0 /* CanvasView.swift */; };
		33B3928F2BAA2AE100E2DFE0 /* CanvasDrawView.swift in Sources */ = {isa = PBXBuildFile; fileRef = 33B3928E2BAA2AE100E2DFE0 /* CanvasDrawView.swift */; };
/* End PBXBuildFile section */

/* Begin PBXFileReference section */
		33B392642BAA25A000E2DFE0 /* Quillify-1.app */ = {isa = PBXFileReference; explicitFileType = wrapper.application; includeInIndex = 0; path = "Quillify-1.app"; sourceTree = BUILT_PRODUCTS_DIR; };
		33B392672BAA25A000E2DFE0 /* Quillify_1App.swift */ = {isa = PBXFileReference; lastKnownFileType = sourcecode.swift; path = Quillify_1App.swift; sourceTree = "<group>"; };
		33B392692BAA25A000E2DFE0 /* ContentView.swift */ = {isa = PBXFileReference; lastKnownFileType = sourcecode.swift; path = ContentView.swift; sourceTree = "<group>"; };
		33B3926B2BAA25A100E2DFE0 /* Assets.xcassets */ = {isa = PBXFileReference; lastKnownFileType = folder.assetcatalog; path = Assets.xcassets; sourceTree = "<group>"; };
		33B3926D2BAA25A100E2DFE0 /* Quillify_1.entitlements */ = {isa = PBXFileReference; lastKnownFileType = text.plist.entitlements; path = Quillify_1.entitlements; sourceTree = "<group>"; };
		33B3926F2BAA25A100E2DFE0 /* Preview Assets.xcassets */ = {isa = PBXFileReference; lastKnownFileType = folder.assetcatalog; path = "Preview Assets.xcassets"; sourceTree = "<group>"; };
		33B392782BAA28DF00E2DFE0 /* WelcomeView.swift */ = {isa = PBXFileReference; lastKnownFileType = sourcecode.swift; path = WelcomeView.swift; sourceTree = "<group>"; };
		33B3927A2BAA28F100E2DFE0 /* WelcomeState.swift */ = {isa = PBXFileReference; lastKnownFileType = sourcecode.swift; path = WelcomeState.swift; sourceTree = "<group>"; };
		33B3927C2BAA292600E2DFE0 /* WelcomeMessageView.swift */ = {isa = PBXFileReference; lastKnownFileType = sourcecode.swift; path = WelcomeMessageView.swift; sourceTree = "<group>"; };
		33B3927F2BAA296800E2DFE0 /* PhotoPickerView.swift */ = {isa = PBXFileReference; lastKnownFileType = sourcecode.swift; path = PhotoPickerView.swift; sourceTree = "<group>"; };
		33B392812BAA298100E2DFE0 /* LibraryPhotoPicker.swift */ = {isa = PBXFileReference; lastKnownFileType = sourcecode.swift; path = LibraryPhotoPicker.swift; sourceTree = "<group>"; };
		33B392852BAA29B900E2DFE0 /* ToolsView.swift */ = {isa = PBXFileReference; lastKnownFileType = sourcecode.swift; path = ToolsView.swift; sourceTree = "<group>"; };
		33B392872BAA29E800E2DFE0 /* WindowState.swift */ = {isa = PBXFileReference; lastKnownFileType = sourcecode.swift; path = WindowState.swift; sourceTree = "<group>"; };
		33B3928A2BAA2A3100E2DFE0 /* Canvas.swift */ = {isa = PBXFileReference; lastKnownFileType = sourcecode.swift; path = Canvas.swift; sourceTree = "<group>"; };
		33B3928C2BAA2A7200E2DFE0 /* CanvasView.swift */ = {isa = PBXFileReference; lastKnownFileType = sourcecode.swift; path = CanvasView.swift; sourceTree = "<group>"; };
		33B3928E2BAA2AE100E2DFE0 /* CanvasDrawView.swift */ = {isa = PBXFileReference; lastKnownFileType = sourcecode.swift; path = CanvasDrawView.swift; sourceTree = "<group>"; };
/* End PBXFileReference section */

/* Begin PBXFrameworksBuildPhase section */
		33B392612BAA25A000E2DFE0 /* Frameworks */ = {
			isa = PBXFrameworksBuildPhase;
			buildActionMask = 2147483647;
			files = (
			);
			runOnlyForDeploymentPostprocessing = 0;
		};
/* End PBXFrameworksBuildPhase section */

/* Begin PBXGroup section */
		33B3925B2BAA25A000E2DFE0 = {
			isa = PBXGroup;
			children = (
				33B392662BAA25A000E2DFE0 /* Quillify-1 */,
				33B392652BAA25A000E2DFE0 /* Products */,
			);
			sourceTree = "<group>";
		};
		33B392652BAA25A000E2DFE0 /* Products */ = {
			isa = PBXGroup;
			children = (
				33B392642BAA25A000E2DFE0 /* Quillify-1.app */,
			);
			name = Products;
			sourceTree = "<group>";
		};
		33B392662BAA25A000E2DFE0 /* Quillify-1 */ = {
			isa = PBXGroup;
			children = (
				33B392832BAA29A600E2DFE0 /* Essentials */,
				33B392762BAA25FF00E2DFE0 /* Views */,
				33B3926E2BAA25A100E2DFE0 /* Preview Content */,
				33B392672BAA25A000E2DFE0 /* Quillify_1App.swift */,
				33B3926B2BAA25A100E2DFE0 /* Assets.xcassets */,
				33B3926D2BAA25A100E2DFE0 /* Quillify_1.entitlements */,
			);
			path = "Quillify-1";
			sourceTree = "<group>";
		};
		33B3926E2BAA25A100E2DFE0 /* Preview Content */ = {
			isa = PBXGroup;
			children = (
				33B3926F2BAA25A100E2DFE0 /* Preview Assets.xcassets */,
			);
			path = "Preview Content";
			sourceTree = "<group>";
		};
		33B392762BAA25FF00E2DFE0 /* Views */ = {
			isa = PBXGroup;
			children = (
				33B392892BAA2A1900E2DFE0 /* Canvas */,
				33B3927E2BAA295600E2DFE0 /* PhotoPicker */,
				33B392772BAA28D200E2DFE0 /* Welcome */,
				33B392692BAA25A000E2DFE0 /* ContentView.swift */,
			);
			path = Views;
			sourceTree = "<group>";
		};
		33B392772BAA28D200E2DFE0 /* Welcome */ = {
			isa = PBXGroup;
			children = (
				33B392782BAA28DF00E2DFE0 /* WelcomeView.swift */,
				33B3927A2BAA28F100E2DFE0 /* WelcomeState.swift */,
				33B3927C2BAA292600E2DFE0 /* WelcomeMessageView.swift */,
			);
			path = Welcome;
			sourceTree = "<group>";
		};
		33B3927E2BAA295600E2DFE0 /* PhotoPicker */ = {
			isa = PBXGroup;
			children = (
				33B3927F2BAA296800E2DFE0 /* PhotoPickerView.swift */,
				33B392812BAA298100E2DFE0 /* LibraryPhotoPicker.swift */,
			);
			path = PhotoPicker;
			sourceTree = "<group>";
		};
		33B392832BAA29A600E2DFE0 /* Essentials */ = {
			isa = PBXGroup;
			children = (
				33B392852BAA29B900E2DFE0 /* ToolsView.swift */,
				33B392872BAA29E800E2DFE0 /* WindowState.swift */,
			);
			path = Essentials;
			sourceTree = "<group>";
		};
		33B392892BAA2A1900E2DFE0 /* Canvas */ = {
			isa = PBXGroup;
			children = (
				33B3928A2BAA2A3100E2DFE0 /* Canvas.swift */,
				33B3928C2BAA2A7200E2DFE0 /* CanvasView.swift */,
				33B3928E2BAA2AE100E2DFE0 /* CanvasDrawView.swift */,
			);
			path = Canvas;
			sourceTree = "<group>";
		};
/* End PBXGroup section */

/* Begin PBXNativeTarget section */
		33B392632BAA25A000E2DFE0 /* Quillify-1 */ = {
			isa = PBXNativeTarget;
			buildConfigurationList = 33B392732BAA25A100E2DFE0 /* Build configuration list for PBXNativeTarget "Quillify-1" */;
			buildPhases = (
				33B392602BAA25A000E2DFE0 /* Sources */,
				33B392612BAA25A000E2DFE0 /* Frameworks */,
				33B392622BAA25A000E2DFE0 /* Resources */,
			);
			buildRules = (
			);
			dependencies = (
			);
			name = "Quillify-1";
			productName = "Quillify-1";
			productReference = 33B392642BAA25A000E2DFE0 /* Quillify-1.app */;
			productType = "com.apple.product-type.application";
		};
/* End PBXNativeTarget section */

/* Begin PBXProject section */
		33B3925C2BAA25A000E2DFE0 /* Project object */ = {
			isa = PBXProject;
			attributes = {
				BuildIndependentTargetsInParallel = 1;
				LastSwiftUpdateCheck = 1530;
				LastUpgradeCheck = 1530;
				TargetAttributes = {
					33B392632BAA25A000E2DFE0 = {
						CreatedOnToolsVersion = 15.3;
					};
				};
			};
			buildConfigurationList = 33B3925F2BAA25A000E2DFE0 /* Build configuration list for PBXProject "Quillify-1" */;
			compatibilityVersion = "Xcode 14.0";
			developmentRegion = en;
			hasScannedForEncodings = 0;
			knownRegions = (
				en,
				Base,
			);
			mainGroup = 33B3925B2BAA25A000E2DFE0;
			productRefGroup = 33B392652BAA25A000E2DFE0 /* Products */;
			projectDirPath = "";
			projectRoot = "";
			targets = (
				33B392632BAA25A000E2DFE0 /* Quillify-1 */,
			);
		};
/* End PBXProject section */

/* Begin PBXResourcesBuildPhase section */
		33B392622BAA25A000E2DFE0 /* Resources */ = {
			isa = PBXResourcesBuildPhase;
			buildActionMask = 2147483647;
			files = (
				33B392702BAA25A100E2DFE0 /* Preview Assets.xcassets in Resources */,
				33B3926C2BAA25A100E2DFE0 /* Assets.xcassets in Resources */,
			);
			runOnlyForDeploymentPostprocessing = 0;
		};
/* End PBXResourcesBuildPhase section */

/* Begin PBXSourcesBuildPhase section */
		33B392602BAA25A000E2DFE0 /* Sources */ = {
			isa = PBXSourcesBuildPhase;
			buildActionMask = 2147483647;
			files = (
				33B3926A2BAA25A000E2DFE0 /* ContentView.swift in Sources */,
				33B392822BAA298100E2DFE0 /* LibraryPhotoPicker.swift in Sources */,
				33B392802BAA296800E2DFE0 /* PhotoPickerView.swift in Sources */,
				33B3928B2BAA2A3100E2DFE0 /* Canvas.swift in Sources */,
				33B392792BAA28DF00E2DFE0 /* WelcomeView.swift in Sources */,
				33B3927B2BAA28F100E2DFE0 /* WelcomeState.swift in Sources */,
				33B3927D2BAA292600E2DFE0 /* WelcomeMessageView.swift in Sources */,
				33B392862BAA29B900E2DFE0 /* ToolsView.swift in Sources */,
				33B3928F2BAA2AE100E2DFE0 /* CanvasDrawView.swift in Sources */,
				33B3928D2BAA2A7200E2DFE0 /* CanvasView.swift in Sources */,
				33B392682BAA25A000E2DFE0 /* Quillify_1App.swift in Sources */,
				33B392882BAA29E800E2DFE0 /* WindowState.swift in Sources */,
			);
			runOnlyForDeploymentPostprocessing = 0;
		};
/* End PBXSourcesBuildPhase section */

/* Begin XCBuildConfiguration section */
		33B392712BAA25A100E2DFE0 /* Debug */ = {
			isa = XCBuildConfiguration;
			buildSettings = {
				ALWAYS_SEARCH_USER_PATHS = NO;
				ASSETCATALOG_COMPILER_GENERATE_SWIFT_ASSET_SYMBOL_EXTENSIONS = YES;
				CLANG_ANALYZER_NONNULL = YES;
				CLANG_ANALYZER_NUMBER_OBJECT_CONVERSION = YES_AGGRESSIVE;
				CLANG_CXX_LANGUAGE_STANDARD = "gnu++20";
				CLANG_ENABLE_MODULES = YES;
				CLANG_ENABLE_OBJC_ARC = YES;
				CLANG_ENABLE_OBJC_WEAK = YES;
				CLANG_WARN_BLOCK_CAPTURE_AUTORELEASING = YES;
				CLANG_WARN_BOOL_CONVERSION = YES;
				CLANG_WARN_COMMA = YES;
				CLANG_WARN_CONSTANT_CONVERSION = YES;
				CLANG_WARN_DEPRECATED_OBJC_IMPLEMENTATIONS = YES;
				CLANG_WARN_DIRECT_OBJC_ISA_USAGE = YES_ERROR;
				CLANG_WARN_DOCUMENTATION_COMMENTS = YES;
				CLANG_WARN_EMPTY_BODY = YES;
				CLANG_WARN_ENUM_CONVERSION = YES;
				CLANG_WARN_INFINITE_RECURSION = YES;
				CLANG_WARN_INT_CONVERSION = YES;
				CLANG_WARN_NON_LITERAL_NULL_CONVERSION = YES;
				CLANG_WARN_OBJC_IMPLICIT_RETAIN_SELF = YES;
				CLANG_WARN_OBJC_LITERAL_CONVERSION = YES;
				CLANG_WARN_OBJC_ROOT_CLASS = YES_ERROR;
				CLANG_WARN_QUOTED_INCLUDE_IN_FRAMEWORK_HEADER = YES;
				CLANG_WARN_RANGE_LOOP_ANALYSIS = YES;
				CLANG_WARN_STRICT_PROTOTYPES = YES;
				CLANG_WARN_SUSPICIOUS_MOVE = YES;
				CLANG_WARN_UNGUARDED_AVAILABILITY = YES_AGGRESSIVE;
				CLANG_WARN_UNREACHABLE_CODE = YES;
				CLANG_WARN__DUPLICATE_METHOD_MATCH = YES;
				COPY_PHASE_STRIP = NO;
				DEBUG_INFORMATION_FORMAT = dwarf;
				ENABLE_STRICT_OBJC_MSGSEND = YES;
				ENABLE_TESTABILITY = YES;
				ENABLE_USER_SCRIPT_SANDBOXING = YES;
				GCC_C_LANGUAGE_STANDARD = gnu17;
				GCC_DYNAMIC_NO_PIC = NO;
				GCC_NO_COMMON_BLOCKS = YES;
				GCC_OPTIMIZATION_LEVEL = 0;
				GCC_PREPROCESSOR_DEFINITIONS = (
					"DEBUG=1",
					"$(inherited)",
				);
				GCC_WARN_64_TO_32_BIT_CONVERSION = YES;
				GCC_WARN_ABOUT_RETURN_TYPE = YES_ERROR;
				GCC_WARN_UNDECLARED_SELECTOR = YES;
				GCC_WARN_UNINITIALIZED_AUTOS = YES_AGGRESSIVE;
				GCC_WARN_UNUSED_FUNCTION = YES;
				GCC_WARN_UNUSED_VARIABLE = YES;
				LOCALIZATION_PREFERS_STRING_CATALOGS = YES;
				MTL_ENABLE_DEBUG_INFO = INCLUDE_SOURCE;
				MTL_FAST_MATH = YES;
				ONLY_ACTIVE_ARCH = YES;
				SWIFT_ACTIVE_COMPILATION_CONDITIONS = "DEBUG $(inherited)";
				SWIFT_OPTIMIZATION_LEVEL = "-Onone";
			};
			name = Debug;
		};
		33B392722BAA25A100E2DFE0 /* Release */ = {
			isa = XCBuildConfiguration;
			buildSettings = {
				ALWAYS_SEARCH_USER_PATHS = NO;
				ASSETCATALOG_COMPILER_GENERATE_SWIFT_ASSET_SYMBOL_EXTENSIONS = YES;
				CLANG_ANALYZER_NONNULL = YES;
				CLANG_ANALYZER_NUMBER_OBJECT_CONVERSION = YES_AGGRESSIVE;
				CLANG_CXX_LANGUAGE_STANDARD = "gnu++20";
				CLANG_ENABLE_MODULES = YES;
				CLANG_ENABLE_OBJC_ARC = YES;
				CLANG_ENABLE_OBJC_WEAK = YES;
				CLANG_WARN_BLOCK_CAPTURE_AUTORELEASING = YES;
				CLANG_WARN_BOOL_CONVERSION = YES;
				CLANG_WARN_COMMA = YES;
				CLANG_WARN_CONSTANT_CONVERSION = YES;
				CLANG_WARN_DEPRECATED_OBJC_IMPLEMENTATIONS = YES;
				CLANG_WARN_DIRECT_OBJC_ISA_USAGE = YES_ERROR;
				CLANG_WARN_DOCUMENTATION_COMMENTS = YES;
				CLANG_WARN_EMPTY_BODY = YES;
				CLANG_WARN_ENUM_CONVERSION = YES;
				CLANG_WARN_INFINITE_RECURSION = YES;
				CLANG_WARN_INT_CONVERSION = YES;
				CLANG_WARN_NON_LITERAL_NULL_CONVERSION = YES;
				CLANG_WARN_OBJC_IMPLICIT_RETAIN_SELF = YES;
				CLANG_WARN_OBJC_LITERAL_CONVERSION = YES;
				CLANG_WARN_OBJC_ROOT_CLASS = YES_ERROR;
				CLANG_WARN_QUOTED_INCLUDE_IN_FRAMEWORK_HEADER = YES;
				CLANG_WARN_RANGE_LOOP_ANALYSIS = YES;
				CLANG_WARN_STRICT_PROTOTYPES = YES;
				CLANG_WARN_SUSPICIOUS_MOVE = YES;
				CLANG_WARN_UNGUARDED_AVAILABILITY = YES_AGGRESSIVE;
				CLANG_WARN_UNREACHABLE_CODE = YES;
				CLANG_WARN__DUPLICATE_METHOD_MATCH = YES;
				COPY_PHASE_STRIP = NO;
				DEBUG_INFORMATION_FORMAT = "dwarf-with-dsym";
				ENABLE_NS_ASSERTIONS = NO;
				ENABLE_STRICT_OBJC_MSGSEND = YES;
				ENABLE_USER_SCRIPT_SANDBOXING = YES;
				GCC_C_LANGUAGE_STANDARD = gnu17;
				GCC_NO_COMMON_BLOCKS = YES;
				GCC_WARN_64_TO_32_BIT_CONVERSION = YES;
				GCC_WARN_ABOUT_RETURN_TYPE = YES_ERROR;
				GCC_WARN_UNDECLARED_SELECTOR = YES;
				GCC_WARN_UNINITIALIZED_AUTOS = YES_AGGRESSIVE;
				GCC_WARN_UNUSED_FUNCTION = YES;
				GCC_WARN_UNUSED_VARIABLE = YES;
				LOCALIZATION_PREFERS_STRING_CATALOGS = YES;
				MTL_ENABLE_DEBUG_INFO = NO;
				MTL_FAST_MATH = YES;
				SWIFT_COMPILATION_MODE = wholemodule;
			};
			name = Release;
		};
		33B392742BAA25A100E2DFE0 /* Debug */ = {
			isa = XCBuildConfiguration;
			buildSettings = {
				ASSETCATALOG_COMPILER_APPICON_NAME = AppIcon;
				ASSETCATALOG_COMPILER_GLOBAL_ACCENT_COLOR_NAME = AccentColor;
				CODE_SIGN_ENTITLEMENTS = "Quillify-1/Quillify_1.entitlements";
				CODE_SIGN_STYLE = Automatic;
				CURRENT_PROJECT_VERSION = 1;
				DEVELOPMENT_ASSET_PATHS = "\"Quillify-1/Preview Content\"";
				DEVELOPMENT_TEAM = ZZWB6X2U7F;
				ENABLE_HARDENED_RUNTIME = YES;
				ENABLE_PREVIEWS = YES;
				GENERATE_INFOPLIST_FILE = YES;
				"INFOPLIST_KEY_UIApplicationSceneManifest_Generation[sdk=iphoneos*]" = YES;
				"INFOPLIST_KEY_UIApplicationSceneManifest_Generation[sdk=iphonesimulator*]" = YES;
				"INFOPLIST_KEY_UIApplicationSupportsIndirectInputEvents[sdk=iphoneos*]" = YES;
				"INFOPLIST_KEY_UIApplicationSupportsIndirectInputEvents[sdk=iphonesimulator*]" = YES;
				"INFOPLIST_KEY_UILaunchScreen_Generation[sdk=iphoneos*]" = YES;
				"INFOPLIST_KEY_UILaunchScreen_Generation[sdk=iphonesimulator*]" = YES;
				"INFOPLIST_KEY_UIStatusBarStyle[sdk=iphoneos*]" = UIStatusBarStyleDefault;
				"INFOPLIST_KEY_UIStatusBarStyle[sdk=iphonesimulator*]" = UIStatusBarStyleDefault;
				INFOPLIST_KEY_UISupportedInterfaceOrientations_iPad = "UIInterfaceOrientationPortrait UIInterfaceOrientationPortraitUpsideDown UIInterfaceOrientationLandscapeLeft UIInterfaceOrientationLandscapeRight";
				INFOPLIST_KEY_UISupportedInterfaceOrientations_iPhone = "UIInterfaceOrientationPortrait UIInterfaceOrientationLandscapeLeft UIInterfaceOrientationLandscapeRight";
				IPHONEOS_DEPLOYMENT_TARGET = 16.0;
				LD_RUNPATH_SEARCH_PATHS = "@executable_path/Frameworks";
				"LD_RUNPATH_SEARCH_PATHS[sdk=macosx*]" = "@executable_path/../Frameworks";
				MACOSX_DEPLOYMENT_TARGET = 14.4;
				MARKETING_VERSION = 1.0;
				PRODUCT_BUNDLE_IDENTIFIER = "com.mi11ion.Quillify-1";
				PRODUCT_NAME = "$(TARGET_NAME)";
				SDKROOT = auto;
				SUPPORTED_PLATFORMS = "iphoneos iphonesimulator";
				SUPPORTS_MACCATALYST = NO;
				SWIFT_EMIT_LOC_STRINGS = YES;
				SWIFT_VERSION = 5.0;
				TARGETED_DEVICE_FAMILY = "1,2";
			};
			name = Debug;
		};
		33B392752BAA25A100E2DFE0 /* Release */ = {
			isa = XCBuildConfiguration;
			buildSettings = {
				ASSETCATALOG_COMPILER_APPICON_NAME = AppIcon;
				ASSETCATALOG_COMPILER_GLOBAL_ACCENT_COLOR_NAME = AccentColor;
				CODE_SIGN_ENTITLEMENTS = "Quillify-1/Quillify_1.entitlements";
				CODE_SIGN_STYLE = Automatic;
				CURRENT_PROJECT_VERSION = 1;
				DEVELOPMENT_ASSET_PATHS = "\"Quillify-1/Preview Content\"";
				DEVELOPMENT_TEAM = ZZWB6X2U7F;
				ENABLE_HARDENED_RUNTIME = YES;
				ENABLE_PREVIEWS = YES;
				GENERATE_INFOPLIST_FILE = YES;
				"INFOPLIST_KEY_UIApplicationSceneManifest_Generation[sdk=iphoneos*]" = YES;
				"INFOPLIST_KEY_UIApplicationSceneManifest_Generation[sdk=iphonesimulator*]" = YES;
				"INFOPLIST_KEY_UIApplicationSupportsIndirectInputEvents[sdk=iphoneos*]" = YES;
				"INFOPLIST_KEY_UIApplicationSupportsIndirectInputEvents[sdk=iphonesimulator*]" = YES;
				"INFOPLIST_KEY_UILaunchScreen_Generation[sdk=iphoneos*]" = YES;
				"INFOPLIST_KEY_UILaunchScreen_Generation[sdk=iphonesimulator*]" = YES;
				"INFOPLIST_KEY_UIStatusBarStyle[sdk=iphoneos*]" = UIStatusBarStyleDefault;
				"INFOPLIST_KEY_UIStatusBarStyle[sdk=iphonesimulator*]" = UIStatusBarStyleDefault;
				INFOPLIST_KEY_UISupportedInterfaceOrientations_iPad = "UIInterfaceOrientationPortrait UIInterfaceOrientationPortraitUpsideDown UIInterfaceOrientationLandscapeLeft UIInterfaceOrientationLandscapeRight";
				INFOPLIST_KEY_UISupportedInterfaceOrientations_iPhone = "UIInterfaceOrientationPortrait UIInterfaceOrientationLandscapeLeft UIInterfaceOrientationLandscapeRight";
				IPHONEOS_DEPLOYMENT_TARGET = 16.0;
				LD_RUNPATH_SEARCH_PATHS = "@executable_path/Frameworks";
				"LD_RUNPATH_SEARCH_PATHS[sdk=macosx*]" = "@executable_path/../Frameworks";
				MACOSX_DEPLOYMENT_TARGET = 14.4;
				MARKETING_VERSION = 1.0;
				PRODUCT_BUNDLE_IDENTIFIER = "com.mi11ion.Quillify-1";
				PRODUCT_NAME = "$(TARGET_NAME)";
				SDKROOT = auto;
				SUPPORTED_PLATFORMS = "iphoneos iphonesimulator";
				SUPPORTS_MACCATALYST = NO;
				SWIFT_EMIT_LOC_STRINGS = YES;
				SWIFT_VERSION = 5.0;
				TARGETED_DEVICE_FAMILY = "1,2";
			};
			name = Release;
		};
/* End XCBuildConfiguration section */

/* Begin XCConfigurationList section */
		33B3925F2BAA25A000E2DFE0 /* Build configuration list for PBXProject "Quillify-1" */ = {
			isa = XCConfigurationList;
			buildConfigurations = (
				33B392712BAA25A100E2DFE0 /* Debug */,
				33B392722BAA25A100E2DFE0 /* Release */,
			);
			defaultConfigurationIsVisible = 0;
			defaultConfigurationName = Release;
		};
		33B392732BAA25A100E2DFE0 /* Build configuration list for PBXNativeTarget "Quillify-1" */ = {
			isa = XCConfigurationList;
			buildConfigurations = (
				33B392742BAA25A100E2DFE0 /* Debug */,
				33B392752BAA25A100E2DFE0 /* Release */,
			);
			defaultConfigurationIsVisible = 0;
			defaultConfigurationName = Release;
		};
/* End XCConfigurationList section */
	};
	rootObject = 33B3925C2BAA25A000E2DFE0 /* Project object */;
}
